PODS:
  - Apollo (0.9.4):
    - Apollo/Core (= 0.9.4)
  - Apollo/Core (0.9.4)
  - Cosmos (17.0.0)
  - SpinWheelControl (0.2.0)

DEPENDENCIES:
  - Apollo
  - Cosmos (~> 17.0)
  - SpinWheelControl

SPEC REPOS:
  https://github.com/cocoapods/specs.git:
    - Apollo
    - Cosmos
    - SpinWheelControl

SPEC CHECKSUMS:
  Apollo: 450856adbdebcdf28c3c671f81732ac3f9944065
  Cosmos: 309e489f21ffc91a1eeecfebef7f817cd2fcfba6
  SpinWheelControl: f6e828dfe1a53e982cc3e2e1824c668c99286a9b

PODFILE CHECKSUM: 0245296d6c63ef3082c887da4df6fb3a603b8dfd

COCOAPODS: 1.5.3
