// !$*UTF8*$!
{
	archiveVersion = 1;
	classes = {
	};
	objectVersion = 50;
	objects = {

/* Begin PBXBuildFile section */
		5E0F998B21A8E08100FBFD0A /* UIImageViewWithPreserveVectorDataFix.swift in Sources */ = {isa = PBXBuildFile; fileRef = 5E0F998A21A8E08100FBFD0A /* UIImageViewWithPreserveVectorDataFix.swift */; };
		5E14423921A4F7BA000E3E7B /* SettingsTableViewController.swift in Sources */ = {isa = PBXBuildFile; fileRef = 5E14423821A4F7BA000E3E7B /* SettingsTableViewController.swift */; };
		5E14423B21A4FB33000E3E7B /* SettingsTableViewCell.swift in Sources */ = {isa = PBXBuildFile; fileRef = 5E14423A21A4FB33000E3E7B /* SettingsTableViewCell.swift */; };
		5E278F7F21A6389D00E93347 /* ListTableViewController.swift in Sources */ = {isa = PBXBuildFile; fileRef = 5E278F7E21A6389D00E93347 /* ListTableViewController.swift */; };
		5E278F8121A8948400E93347 /* CategoriesTableViewController.swift in Sources */ = {isa = PBXBuildFile; fileRef = 5E278F8021A8948400E93347 /* CategoriesTableViewController.swift */; };
		5E36A2D5216590530088357D /* DefaultPreferences.plist in Resources */ = {isa = PBXBuildFile; fileRef = 5E36A2D4216590530088357D /* DefaultPreferences.plist */; };
		5E36A2D82165AEA70088357D /* CuisineTypesTableViewController.swift in Sources */ = {isa = PBXBuildFile; fileRef = 5E36A2D72165AEA70088357D /* CuisineTypesTableViewController.swift */; };
		5E41BF72219B6F00005221C9 /* API.swift in Sources */ = {isa = PBXBuildFile; fileRef = 5E41BF71219B6F00005221C9 /* API.swift */; };
		5E4D8BD621966F3500E66C63 /* schema.json in Resources */ = {isa = PBXBuildFile; fileRef = 5E4D8BD521966F3500E66C63 /* schema.json */; };
		5E6E103321A358D500D2098F /* UserRestaurantDetailsViewController.swift in Sources */ = {isa = PBXBuildFile; fileRef = 5E6E103221A358D500D2098F /* UserRestaurantDetailsViewController.swift */; };
		5E6E103521A364B700D2098F /* AddCustomRestaurantViewController.swift in Sources */ = {isa = PBXBuildFile; fileRef = 5E6E103421A364B700D2098F /* AddCustomRestaurantViewController.swift */; };
		5E6E103921A36F5100D2098F /* YelpRestaurantDetailsViewController.swift in Sources */ = {isa = PBXBuildFile; fileRef = 5E6E103821A36F5100D2098F /* YelpRestaurantDetailsViewController.swift */; };
		5E793EC8213898DC00AB6D1D /* AppDelegate.swift in Sources */ = {isa = PBXBuildFile; fileRef = 5E793EC7213898DC00AB6D1D /* AppDelegate.swift */; };
		5E793ECA213898DC00AB6D1D /* WheelViewController.swift in Sources */ = {isa = PBXBuildFile; fileRef = 5E793EC9213898DC00AB6D1D /* WheelViewController.swift */; };
		5E793ECC213898DC00AB6D1D /* FilterViewController.swift in Sources */ = {isa = PBXBuildFile; fileRef = 5E793ECB213898DC00AB6D1D /* FilterViewController.swift */; };
		5E793ECF213898DC00AB6D1D /* Main.storyboard in Resources */ = {isa = PBXBuildFile; fileRef = 5E793ECD213898DC00AB6D1D /* Main.storyboard */; };
		5E793ED4213898DE00AB6D1D /* LaunchScreen.storyboard in Resources */ = {isa = PBXBuildFile; fileRef = 5E793ED2213898DE00AB6D1D /* LaunchScreen.storyboard */; };
		5E793EDF213898DE00AB6D1D /* MealWheelTests.swift in Sources */ = {isa = PBXBuildFile; fileRef = 5E793EDE213898DE00AB6D1D /* MealWheelTests.swift */; };
		5E793EEA213898DE00AB6D1D /* MealWheelUITests.swift in Sources */ = {isa = PBXBuildFile; fileRef = 5E793EE9213898DE00AB6D1D /* MealWheelUITests.swift */; };
		5E793EF821389F3900AB6D1D /* SettingsViewController.swift in Sources */ = {isa = PBXBuildFile; fileRef = 5E793EF721389F3900AB6D1D /* SettingsViewController.swift */; };
		5E793EFC2138A07900AB6D1D /* MealWheel.xcdatamodeld in Sources */ = {isa = PBXBuildFile; fileRef = 5E793EFA2138A07900AB6D1D /* MealWheel.xcdatamodeld */; };
		5E92D7A7219A41130006BA38 /* WheelViewController.graphql in Resources */ = {isa = PBXBuildFile; fileRef = 5E92D7A6219A41130006BA38 /* WheelViewController.graphql */; };
		5E957B18219F7E380081FEB7 /* LandingViewController.swift in Sources */ = {isa = PBXBuildFile; fileRef = 5E957B17219F7E380081FEB7 /* LandingViewController.swift */; };
		5E957B1A219F83650081FEB7 /* YelpAPI.swift in Sources */ = {isa = PBXBuildFile; fileRef = 5E957B19219F83650081FEB7 /* YelpAPI.swift */; };
		5EA15689219E0CF200A97640 /* DataController.swift in Sources */ = {isa = PBXBuildFile; fileRef = 5EA15688219E0CF200A97640 /* DataController.swift */; };
		5EA15692219F601D00A97640 /* MyPlacesViewController.swift in Sources */ = {isa = PBXBuildFile; fileRef = 5EA15691219F601D00A97640 /* MyPlacesViewController.swift */; };
		5EA15694219F65D000A97640 /* MyPlacesTableViewCell.swift in Sources */ = {isa = PBXBuildFile; fileRef = 5EA15693219F65CF00A97640 /* MyPlacesTableViewCell.swift */; };
		5EFFE4DE21A8DBF50002F3CF /* Assets.xcassets in Resources */ = {isa = PBXBuildFile; fileRef = 5EFFE4DD21A8DBF50002F3CF /* Assets.xcassets */; };
		606DEAA1627E96C240348A69 /* Pods_MealWheel.framework in Frameworks */ = {isa = PBXBuildFile; fileRef = E97C0112F7195EEC73A5C0DA /* Pods_MealWheel.framework */; };
		AFDC08B2002719D7E8F73ADB /* Pods_MealWheelTests.framework in Frameworks */ = {isa = PBXBuildFile; fileRef = 95E272E10767883EEDFFCBC9 /* Pods_MealWheelTests.framework */; };
		CC67B93A5D4E1C605F2C28E0 /* Pods_MealWheelUITests.framework in Frameworks */ = {isa = PBXBuildFile; fileRef = 083250126C266EC82D0EA786 /* Pods_MealWheelUITests.framework */; };
/* End PBXBuildFile section */

/* Begin PBXContainerItemProxy section */
		5E793EDB213898DE00AB6D1D /* PBXContainerItemProxy */ = {
			isa = PBXContainerItemProxy;
			containerPortal = 5E793EBC213898DC00AB6D1D /* Project object */;
			proxyType = 1;
			remoteGlobalIDString = 5E793EC3213898DC00AB6D1D;
			remoteInfo = MealWheel;
		};
		5E793EE6213898DE00AB6D1D /* PBXContainerItemProxy */ = {
			isa = PBXContainerItemProxy;
			containerPortal = 5E793EBC213898DC00AB6D1D /* Project object */;
			proxyType = 1;
			remoteGlobalIDString = 5E793EC3213898DC00AB6D1D;
			remoteInfo = MealWheel;
		};
/* End PBXContainerItemProxy section */

/* Begin PBXFileReference section */
		083250126C266EC82D0EA786 /* Pods_MealWheelUITests.framework */ = {isa = PBXFileReference; explicitFileType = wrapper.framework; includeInIndex = 0; path = Pods_MealWheelUITests.framework; sourceTree = BUILT_PRODUCTS_DIR; };
		1EE1D91DFC25F2725EC6B0B2 /* Pods-MealWheelUITests.release.xcconfig */ = {isa = PBXFileReference; includeInIndex = 1; lastKnownFileType = text.xcconfig; name = "Pods-MealWheelUITests.release.xcconfig"; path = "Pods/Target Support Files/Pods-MealWheelUITests/Pods-MealWheelUITests.release.xcconfig"; sourceTree = "<group>"; };
		5E0F998A21A8E08100FBFD0A /* UIImageViewWithPreserveVectorDataFix.swift */ = {isa = PBXFileReference; lastKnownFileType = sourcecode.swift; path = UIImageViewWithPreserveVectorDataFix.swift; sourceTree = "<group>"; };
		5E14423821A4F7BA000E3E7B /* SettingsTableViewController.swift */ = {isa = PBXFileReference; lastKnownFileType = sourcecode.swift; path = SettingsTableViewController.swift; sourceTree = "<group>"; };
		5E14423A21A4FB33000E3E7B /* SettingsTableViewCell.swift */ = {isa = PBXFileReference; lastKnownFileType = sourcecode.swift; path = SettingsTableViewCell.swift; sourceTree = "<group>"; };
		5E278F7E21A6389D00E93347 /* ListTableViewController.swift */ = {isa = PBXFileReference; lastKnownFileType = sourcecode.swift; path = ListTableViewController.swift; sourceTree = "<group>"; };
		5E278F8021A8948400E93347 /* CategoriesTableViewController.swift */ = {isa = PBXFileReference; lastKnownFileType = sourcecode.swift; path = CategoriesTableViewController.swift; sourceTree = "<group>"; };
		5E36A2D4216590530088357D /* DefaultPreferences.plist */ = {isa = PBXFileReference; lastKnownFileType = text.plist.xml; path = DefaultPreferences.plist; sourceTree = "<group>"; };
		5E36A2D72165AEA70088357D /* CuisineTypesTableViewController.swift */ = {isa = PBXFileReference; lastKnownFileType = sourcecode.swift; path = CuisineTypesTableViewController.swift; sourceTree = "<group>"; };
		5E41BF71219B6F00005221C9 /* API.swift */ = {isa = PBXFileReference; fileEncoding = 4; lastKnownFileType = sourcecode.swift; path = API.swift; sourceTree = "<group>"; };
		5E4D8BD521966F3500E66C63 /* schema.json */ = {isa = PBXFileReference; fileEncoding = 4; lastKnownFileType = text.json; path = schema.json; sourceTree = SOURCE_ROOT; };
		5E6E103221A358D500D2098F /* UserRestaurantDetailsViewController.swift */ = {isa = PBXFileReference; lastKnownFileType = sourcecode.swift; path = UserRestaurantDetailsViewController.swift; sourceTree = "<group>"; };
		5E6E103421A364B700D2098F /* AddCustomRestaurantViewController.swift */ = {isa = PBXFileReference; lastKnownFileType = sourcecode.swift; path = AddCustomRestaurantViewController.swift; sourceTree = "<group>"; };
		5E6E103821A36F5100D2098F /* YelpRestaurantDetailsViewController.swift */ = {isa = PBXFileReference; lastKnownFileType = sourcecode.swift; path = YelpRestaurantDetailsViewController.swift; sourceTree = "<group>"; };
		5E793EC4213898DC00AB6D1D /* MealWheel.app */ = {isa = PBXFileReference; explicitFileType = wrapper.application; includeInIndex = 0; path = MealWheel.app; sourceTree = BUILT_PRODUCTS_DIR; };
		5E793EC7213898DC00AB6D1D /* AppDelegate.swift */ = {isa = PBXFileReference; lastKnownFileType = sourcecode.swift; path = AppDelegate.swift; sourceTree = "<group>"; };
		5E793EC9213898DC00AB6D1D /* WheelViewController.swift */ = {isa = PBXFileReference; lastKnownFileType = sourcecode.swift; path = WheelViewController.swift; sourceTree = "<group>"; };
		5E793ECB213898DC00AB6D1D /* FilterViewController.swift */ = {isa = PBXFileReference; lastKnownFileType = sourcecode.swift; path = FilterViewController.swift; sourceTree = "<group>"; };
		5E793ECE213898DC00AB6D1D /* Base */ = {isa = PBXFileReference; lastKnownFileType = file.storyboard; name = Base; path = Base.lproj/Main.storyboard; sourceTree = "<group>"; };
		5E793ED3213898DE00AB6D1D /* Base */ = {isa = PBXFileReference; lastKnownFileType = file.storyboard; name = Base; path = Base.lproj/LaunchScreen.storyboard; sourceTree = "<group>"; };
		5E793ED5213898DE00AB6D1D /* Info.plist */ = {isa = PBXFileReference; lastKnownFileType = text.plist.xml; path = Info.plist; sourceTree = "<group>"; };
		5E793EDA213898DE00AB6D1D /* MealWheelTests.xctest */ = {isa = PBXFileReference; explicitFileType = wrapper.cfbundle; includeInIndex = 0; path = MealWheelTests.xctest; sourceTree = BUILT_PRODUCTS_DIR; };
		5E793EDE213898DE00AB6D1D /* MealWheelTests.swift */ = {isa = PBXFileReference; lastKnownFileType = sourcecode.swift; path = MealWheelTests.swift; sourceTree = "<group>"; };
		5E793EE0213898DE00AB6D1D /* Info.plist */ = {isa = PBXFileReference; lastKnownFileType = text.plist.xml; path = Info.plist; sourceTree = "<group>"; };
		5E793EE5213898DE00AB6D1D /* MealWheelUITests.xctest */ = {isa = PBXFileReference; explicitFileType = wrapper.cfbundle; includeInIndex = 0; path = MealWheelUITests.xctest; sourceTree = BUILT_PRODUCTS_DIR; };
		5E793EE9213898DE00AB6D1D /* MealWheelUITests.swift */ = {isa = PBXFileReference; lastKnownFileType = sourcecode.swift; path = MealWheelUITests.swift; sourceTree = "<group>"; };
		5E793EEB213898DE00AB6D1D /* Info.plist */ = {isa = PBXFileReference; lastKnownFileType = text.plist.xml; path = Info.plist; sourceTree = "<group>"; };
		5E793EF721389F3900AB6D1D /* SettingsViewController.swift */ = {isa = PBXFileReference; lastKnownFileType = sourcecode.swift; path = SettingsViewController.swift; sourceTree = "<group>"; };
		5E793EFB2138A07900AB6D1D /* Model.xcdatamodel */ = {isa = PBXFileReference; lastKnownFileType = wrapper.xcdatamodel; path = Model.xcdatamodel; sourceTree = "<group>"; };
		5E92D7A6219A41130006BA38 /* WheelViewController.graphql */ = {isa = PBXFileReference; lastKnownFileType = text; path = WheelViewController.graphql; sourceTree = "<group>"; xcLanguageSpecificationIdentifier = xcode.lang.graphql; };
		5E957B17219F7E380081FEB7 /* LandingViewController.swift */ = {isa = PBXFileReference; lastKnownFileType = sourcecode.swift; path = LandingViewController.swift; sourceTree = "<group>"; };
		5E957B19219F83650081FEB7 /* YelpAPI.swift */ = {isa = PBXFileReference; lastKnownFileType = sourcecode.swift; path = YelpAPI.swift; sourceTree = "<group>"; };
		5EA15688219E0CF200A97640 /* DataController.swift */ = {isa = PBXFileReference; lastKnownFileType = sourcecode.swift; path = DataController.swift; sourceTree = "<group>"; };
		5EA15691219F601D00A97640 /* MyPlacesViewController.swift */ = {isa = PBXFileReference; lastKnownFileType = sourcecode.swift; path = MyPlacesViewController.swift; sourceTree = "<group>"; };
		5EA15693219F65CF00A97640 /* MyPlacesTableViewCell.swift */ = {isa = PBXFileReference; lastKnownFileType = sourcecode.swift; path = MyPlacesTableViewCell.swift; sourceTree = "<group>"; };
		5EFFE4DD21A8DBF50002F3CF /* Assets.xcassets */ = {isa = PBXFileReference; lastKnownFileType = folder.assetcatalog; path = Assets.xcassets; sourceTree = "<group>"; };
		6105D20262E68A4C2001E773 /* Pods-MealWheelTests.release.xcconfig */ = {isa = PBXFileReference; includeInIndex = 1; lastKnownFileType = text.xcconfig; name = "Pods-MealWheelTests.release.xcconfig"; path = "Pods/Target Support Files/Pods-MealWheelTests/Pods-MealWheelTests.release.xcconfig"; sourceTree = "<group>"; };
		95E272E10767883EEDFFCBC9 /* Pods_MealWheelTests.framework */ = {isa = PBXFileReference; explicitFileType = wrapper.framework; includeInIndex = 0; path = Pods_MealWheelTests.framework; sourceTree = BUILT_PRODUCTS_DIR; };
		9CFFD3F242A2DC55DECBE4FD /* Pods-MealWheel.release.xcconfig */ = {isa = PBXFileReference; includeInIndex = 1; lastKnownFileType = text.xcconfig; name = "Pods-MealWheel.release.xcconfig"; path = "Pods/Target Support Files/Pods-MealWheel/Pods-MealWheel.release.xcconfig"; sourceTree = "<group>"; };
		ADB3472B6B3B429889167DC2 /* Pods-MealWheelUITests.debug.xcconfig */ = {isa = PBXFileReference; includeInIndex = 1; lastKnownFileType = text.xcconfig; name = "Pods-MealWheelUITests.debug.xcconfig"; path = "Pods/Target Support Files/Pods-MealWheelUITests/Pods-MealWheelUITests.debug.xcconfig"; sourceTree = "<group>"; };
		AF9A77CBB3CC4030830E7A7B /* Pods-MealWheelTests.debug.xcconfig */ = {isa = PBXFileReference; includeInIndex = 1; lastKnownFileType = text.xcconfig; name = "Pods-MealWheelTests.debug.xcconfig"; path = "Pods/Target Support Files/Pods-MealWheelTests/Pods-MealWheelTests.debug.xcconfig"; sourceTree = "<group>"; };
		D0E8FCFA39A727B3436E3FBD /* Pods-MealWheel.debug.xcconfig */ = {isa = PBXFileReference; includeInIndex = 1; lastKnownFileType = text.xcconfig; name = "Pods-MealWheel.debug.xcconfig"; path = "Pods/Target Support Files/Pods-MealWheel/Pods-MealWheel.debug.xcconfig"; sourceTree = "<group>"; };
		E97C0112F7195EEC73A5C0DA /* Pods_MealWheel.framework */ = {isa = PBXFileReference; explicitFileType = wrapper.framework; includeInIndex = 0; path = Pods_MealWheel.framework; sourceTree = BUILT_PRODUCTS_DIR; };
/* End PBXFileReference section */

/* Begin PBXFrameworksBuildPhase section */
		5E793EC1213898DC00AB6D1D /* Frameworks */ = {
			isa = PBXFrameworksBuildPhase;
			buildActionMask = 2147483647;
			files = (
				606DEAA1627E96C240348A69 /* Pods_MealWheel.framework in Frameworks */,
			);
			runOnlyForDeploymentPostprocessing = 0;
		};
		5E793ED7213898DE00AB6D1D /* Frameworks */ = {
			isa = PBXFrameworksBuildPhase;
			buildActionMask = 2147483647;
			files = (
				AFDC08B2002719D7E8F73ADB /* Pods_MealWheelTests.framework in Frameworks */,
			);
			runOnlyForDeploymentPostprocessing = 0;
		};
		5E793EE2213898DE00AB6D1D /* Frameworks */ = {
			isa = PBXFrameworksBuildPhase;
			buildActionMask = 2147483647;
			files = (
				CC67B93A5D4E1C605F2C28E0 /* Pods_MealWheelUITests.framework in Frameworks */,
			);
			runOnlyForDeploymentPostprocessing = 0;
		};
/* End PBXFrameworksBuildPhase section */

/* Begin PBXGroup section */
		5E793EBB213898DC00AB6D1D = {
			isa = PBXGroup;
			children = (
				5E793EC7213898DC00AB6D1D /* AppDelegate.swift */,
				5E41BF71219B6F00005221C9 /* API.swift */,
				5E793ED5213898DE00AB6D1D /* Info.plist */,
				5E36A2D4216590530088357D /* DefaultPreferences.plist */,
				5EFFE4DD21A8DBF50002F3CF /* Assets.xcassets */,
				5E793EFD2138A08200AB6D1D /* Model */,
				5E793EF92138A02800AB6D1D /* View */,
				5E793EC6213898DC00AB6D1D /* Controllers */,
				5E793EDD213898DE00AB6D1D /* MealWheelTests */,
				5E793EE8213898DE00AB6D1D /* MealWheelUITests */,
				5E793EC5213898DC00AB6D1D /* Products */,
				67CBC20A2A8E54D4AF088FFC /* Pods */,
				9A7ED02C6A7C311F6D5F7D10 /* Frameworks */,
			);
			sourceTree = "<group>";
		};
		5E793EC5213898DC00AB6D1D /* Products */ = {
			isa = PBXGroup;
			children = (
				5E793EC4213898DC00AB6D1D /* MealWheel.app */,
				5E793EDA213898DE00AB6D1D /* MealWheelTests.xctest */,
				5E793EE5213898DE00AB6D1D /* MealWheelUITests.xctest */,
			);
			name = Products;
			sourceTree = "<group>";
		};
		5E793EC6213898DC00AB6D1D /* Controllers */ = {
			isa = PBXGroup;
			children = (
				5E957B17219F7E380081FEB7 /* LandingViewController.swift */,
				5E793EC9213898DC00AB6D1D /* WheelViewController.swift */,
				5E92D7A6219A41130006BA38 /* WheelViewController.graphql */,
				5E6E103821A36F5100D2098F /* YelpRestaurantDetailsViewController.swift */,
				5E793ECB213898DC00AB6D1D /* FilterViewController.swift */,
				5E36A2D72165AEA70088357D /* CuisineTypesTableViewController.swift */,
				5E14423821A4F7BA000E3E7B /* SettingsTableViewController.swift */,
				5EA15691219F601D00A97640 /* MyPlacesViewController.swift */,
				5E6E103221A358D500D2098F /* UserRestaurantDetailsViewController.swift */,
				5E6E103421A364B700D2098F /* AddCustomRestaurantViewController.swift */,
				5E793EF721389F3900AB6D1D /* SettingsViewController.swift */,
				5E278F7E21A6389D00E93347 /* ListTableViewController.swift */,
				5E278F8021A8948400E93347 /* CategoriesTableViewController.swift */,
			);
			path = Controllers;
			sourceTree = "<group>";
		};
		5E793EDD213898DE00AB6D1D /* MealWheelTests */ = {
			isa = PBXGroup;
			children = (
				5E793EDE213898DE00AB6D1D /* MealWheelTests.swift */,
				5E793EE0213898DE00AB6D1D /* Info.plist */,
			);
			path = MealWheelTests;
			sourceTree = "<group>";
		};
		5E793EE8213898DE00AB6D1D /* MealWheelUITests */ = {
			isa = PBXGroup;
			children = (
				5E793EE9213898DE00AB6D1D /* MealWheelUITests.swift */,
				5E793EEB213898DE00AB6D1D /* Info.plist */,
			);
			path = MealWheelUITests;
			sourceTree = "<group>";
		};
		5E793EF92138A02800AB6D1D /* View */ = {
			isa = PBXGroup;
			children = (
				5E793ECD213898DC00AB6D1D /* Main.storyboard */,
				5E14423A21A4FB33000E3E7B /* SettingsTableViewCell.swift */,
				5EA15693219F65CF00A97640 /* MyPlacesTableViewCell.swift */,
				5E793ED2213898DE00AB6D1D /* LaunchScreen.storyboard */,
				5E0F998A21A8E08100FBFD0A /* UIImageViewWithPreserveVectorDataFix.swift */,
			);
			path = View;
			sourceTree = "<group>";
		};
		5E793EFD2138A08200AB6D1D /* Model */ = {
			isa = PBXGroup;
			children = (
				5E793EFA2138A07900AB6D1D /* MealWheel.xcdatamodeld */,
				5EA15688219E0CF200A97640 /* DataController.swift */,
				5E957B19219F83650081FEB7 /* YelpAPI.swift */,
				5E4D8BD521966F3500E66C63 /* schema.json */,
			);
			path = Model;
			sourceTree = "<group>";
		};
		67CBC20A2A8E54D4AF088FFC /* Pods */ = {
			isa = PBXGroup;
			children = (
				D0E8FCFA39A727B3436E3FBD /* Pods-MealWheel.debug.xcconfig */,
				9CFFD3F242A2DC55DECBE4FD /* Pods-MealWheel.release.xcconfig */,
				AF9A77CBB3CC4030830E7A7B /* Pods-MealWheelTests.debug.xcconfig */,
				6105D20262E68A4C2001E773 /* Pods-MealWheelTests.release.xcconfig */,
				ADB3472B6B3B429889167DC2 /* Pods-MealWheelUITests.debug.xcconfig */,
				1EE1D91DFC25F2725EC6B0B2 /* Pods-MealWheelUITests.release.xcconfig */,
			);
			name = Pods;
			sourceTree = "<group>";
		};
		9A7ED02C6A7C311F6D5F7D10 /* Frameworks */ = {
			isa = PBXGroup;
			children = (
				E97C0112F7195EEC73A5C0DA /* Pods_MealWheel.framework */,
				95E272E10767883EEDFFCBC9 /* Pods_MealWheelTests.framework */,
				083250126C266EC82D0EA786 /* Pods_MealWheelUITests.framework */,
			);
			name = Frameworks;
			sourceTree = "<group>";
		};
/* End PBXGroup section */

/* Begin PBXNativeTarget section */
		5E793EC3213898DC00AB6D1D /* MealWheel */ = {
			isa = PBXNativeTarget;
			buildConfigurationList = 5E793EEE213898DE00AB6D1D /* Build configuration list for PBXNativeTarget "MealWheel" */;
			buildPhases = (
				4A99DF20B86103E3F1A27354 /* [CP] Check Pods Manifest.lock */,
				5E4D8BD421966ACF00E66C63 /* Generate Apollo GraphQL API */,
				5E793EC0213898DC00AB6D1D /* Sources */,
				5E793EC1213898DC00AB6D1D /* Frameworks */,
				5E793EC2213898DC00AB6D1D /* Resources */,
				3DA997EF5C12040C52605FEA /* [CP] Embed Pods Frameworks */,
				5EA1568A219E47C800A97640 /* Open DB Browser with CoreData sqlite */,
			);
			buildRules = (
			);
			dependencies = (
			);
			name = MealWheel;
			productName = MealWheel;
			productReference = 5E793EC4213898DC00AB6D1D /* MealWheel.app */;
			productType = "com.apple.product-type.application";
		};
		5E793ED9213898DE00AB6D1D /* MealWheelTests */ = {
			isa = PBXNativeTarget;
			buildConfigurationList = 5E793EF1213898DE00AB6D1D /* Build configuration list for PBXNativeTarget "MealWheelTests" */;
			buildPhases = (
				2D11B84AA25B67E4EDCDE798 /* [CP] Check Pods Manifest.lock */,
				5E793ED6213898DE00AB6D1D /* Sources */,
				5E793ED7213898DE00AB6D1D /* Frameworks */,
				5E793ED8213898DE00AB6D1D /* Resources */,
			);
			buildRules = (
			);
			dependencies = (
				5E793EDC213898DE00AB6D1D /* PBXTargetDependency */,
			);
			name = MealWheelTests;
			productName = MealWheelTests;
			productReference = 5E793EDA213898DE00AB6D1D /* MealWheelTests.xctest */;
			productType = "com.apple.product-type.bundle.unit-test";
		};
		5E793EE4213898DE00AB6D1D /* MealWheelUITests */ = {
			isa = PBXNativeTarget;
			buildConfigurationList = 5E793EF4213898DE00AB6D1D /* Build configuration list for PBXNativeTarget "MealWheelUITests" */;
			buildPhases = (
				B746F52ED237E586DC7B7FDF /* [CP] Check Pods Manifest.lock */,
				5E793EE1213898DE00AB6D1D /* Sources */,
				5E793EE2213898DE00AB6D1D /* Frameworks */,
				5E793EE3213898DE00AB6D1D /* Resources */,
			);
			buildRules = (
			);
			dependencies = (
				5E793EE7213898DE00AB6D1D /* PBXTargetDependency */,
			);
			name = MealWheelUITests;
			productName = MealWheelUITests;
			productReference = 5E793EE5213898DE00AB6D1D /* MealWheelUITests.xctest */;
			productType = "com.apple.product-type.bundle.ui-testing";
		};
/* End PBXNativeTarget section */

/* Begin PBXProject section */
		5E793EBC213898DC00AB6D1D /* Project object */ = {
			isa = PBXProject;
			attributes = {
				LastSwiftUpdateCheck = 0940;
				LastUpgradeCheck = 0940;
				ORGANIZATIONNAME = "Viktor Lantos";
				TargetAttributes = {
					5E793EC3213898DC00AB6D1D = {
						CreatedOnToolsVersion = 9.4.1;
					};
					5E793ED9213898DE00AB6D1D = {
						CreatedOnToolsVersion = 9.4.1;
						TestTargetID = 5E793EC3213898DC00AB6D1D;
					};
					5E793EE4213898DE00AB6D1D = {
						CreatedOnToolsVersion = 9.4.1;
						TestTargetID = 5E793EC3213898DC00AB6D1D;
					};
				};
			};
			buildConfigurationList = 5E793EBF213898DC00AB6D1D /* Build configuration list for PBXProject "MealWheel" */;
			compatibilityVersion = "Xcode 9.3";
			developmentRegion = en;
			hasScannedForEncodings = 0;
			knownRegions = (
				en,
				Base,
			);
			mainGroup = 5E793EBB213898DC00AB6D1D;
			productRefGroup = 5E793EC5213898DC00AB6D1D /* Products */;
			projectDirPath = "";
			projectRoot = "";
			targets = (
				5E793EC3213898DC00AB6D1D /* MealWheel */,
				5E793ED9213898DE00AB6D1D /* MealWheelTests */,
				5E793EE4213898DE00AB6D1D /* MealWheelUITests */,
			);
		};
/* End PBXProject section */

/* Begin PBXResourcesBuildPhase section */
		5E793EC2213898DC00AB6D1D /* Resources */ = {
			isa = PBXResourcesBuildPhase;
			buildActionMask = 2147483647;
			files = (
				5E92D7A7219A41130006BA38 /* WheelViewController.graphql in Resources */,
				5E793ED4213898DE00AB6D1D /* LaunchScreen.storyboard in Resources */,
				5E4D8BD621966F3500E66C63 /* schema.json in Resources */,
				5E36A2D5216590530088357D /* DefaultPreferences.plist in Resources */,
				5EFFE4DE21A8DBF50002F3CF /* Assets.xcassets in Resources */,
				5E793ECF213898DC00AB6D1D /* Main.storyboard in Resources */,
			);
			runOnlyForDeploymentPostprocessing = 0;
		};
		5E793ED8213898DE00AB6D1D /* Resources */ = {
			isa = PBXResourcesBuildPhase;
			buildActionMask = 2147483647;
			files = (
			);
			runOnlyForDeploymentPostprocessing = 0;
		};
		5E793EE3213898DE00AB6D1D /* Resources */ = {
			isa = PBXResourcesBuildPhase;
			buildActionMask = 2147483647;
			files = (
			);
			runOnlyForDeploymentPostprocessing = 0;
		};
/* End PBXResourcesBuildPhase section */

/* Begin PBXShellScriptBuildPhase section */
		2D11B84AA25B67E4EDCDE798 /* [CP] Check Pods Manifest.lock */ = {
			isa = PBXShellScriptBuildPhase;
			buildActionMask = 2147483647;
			files = (
			);
			inputFileListPaths = (
			);
			inputPaths = (
				"${PODS_PODFILE_DIR_PATH}/Podfile.lock",
				"${PODS_ROOT}/Manifest.lock",
			);
			name = "[CP] Check Pods Manifest.lock";
			outputFileListPaths = (
			);
			outputPaths = (
				"$(DERIVED_FILE_DIR)/Pods-MealWheelTests-checkManifestLockResult.txt",
			);
			runOnlyForDeploymentPostprocessing = 0;
			shellPath = /bin/sh;
			shellScript = "diff \"${PODS_PODFILE_DIR_PATH}/Podfile.lock\" \"${PODS_ROOT}/Manifest.lock\" > /dev/null\nif [ $? != 0 ] ; then\n    # print error to STDERR\n    echo \"error: The sandbox is not in sync with the Podfile.lock. Run 'pod install' or update your CocoaPods installation.\" >&2\n    exit 1\nfi\n# This output is used by Xcode 'outputs' to avoid re-running this script phase.\necho \"SUCCESS\" > \"${SCRIPT_OUTPUT_FILE_0}\"\n";
			showEnvVarsInLog = 0;
		};
		3DA997EF5C12040C52605FEA /* [CP] Embed Pods Frameworks */ = {
			isa = PBXShellScriptBuildPhase;
			buildActionMask = 2147483647;
			files = (
			);
			inputFileListPaths = (
			);
			inputPaths = (
				"${SRCROOT}/Pods/Target Support Files/Pods-MealWheel/Pods-MealWheel-frameworks.sh",
				"${BUILT_PRODUCTS_DIR}/Apollo/Apollo.framework",
				"${BUILT_PRODUCTS_DIR}/Cosmos/Cosmos.framework",
				"${BUILT_PRODUCTS_DIR}/SpinWheelControl/SpinWheelControl.framework",
			);
			name = "[CP] Embed Pods Frameworks";
			outputFileListPaths = (
			);
			outputPaths = (
				"${TARGET_BUILD_DIR}/${FRAMEWORKS_FOLDER_PATH}/Apollo.framework",
				"${TARGET_BUILD_DIR}/${FRAMEWORKS_FOLDER_PATH}/Cosmos.framework",
				"${TARGET_BUILD_DIR}/${FRAMEWORKS_FOLDER_PATH}/SpinWheelControl.framework",
			);
			runOnlyForDeploymentPostprocessing = 0;
			shellPath = /bin/sh;
			shellScript = "\"${SRCROOT}/Pods/Target Support Files/Pods-MealWheel/Pods-MealWheel-frameworks.sh\"\n";
			showEnvVarsInLog = 0;
		};
		4A99DF20B86103E3F1A27354 /* [CP] Check Pods Manifest.lock */ = {
			isa = PBXShellScriptBuildPhase;
			buildActionMask = 2147483647;
			files = (
			);
			inputFileListPaths = (
			);
			inputPaths = (
				"${PODS_PODFILE_DIR_PATH}/Podfile.lock",
				"${PODS_ROOT}/Manifest.lock",
			);
			name = "[CP] Check Pods Manifest.lock";
			outputFileListPaths = (
			);
			outputPaths = (
				"$(DERIVED_FILE_DIR)/Pods-MealWheel-checkManifestLockResult.txt",
			);
			runOnlyForDeploymentPostprocessing = 0;
			shellPath = /bin/sh;
			shellScript = "diff \"${PODS_PODFILE_DIR_PATH}/Podfile.lock\" \"${PODS_ROOT}/Manifest.lock\" > /dev/null\nif [ $? != 0 ] ; then\n    # print error to STDERR\n    echo \"error: The sandbox is not in sync with the Podfile.lock. Run 'pod install' or update your CocoaPods installation.\" >&2\n    exit 1\nfi\n# This output is used by Xcode 'outputs' to avoid re-running this script phase.\necho \"SUCCESS\" > \"${SCRIPT_OUTPUT_FILE_0}\"\n";
			showEnvVarsInLog = 0;
		};
		5E4D8BD421966ACF00E66C63 /* Generate Apollo GraphQL API */ = {
			isa = PBXShellScriptBuildPhase;
			buildActionMask = 12;
			files = (
			);
			inputFileListPaths = (
			);
			inputPaths = (
			);
			name = "Generate Apollo GraphQL API";
			outputFileListPaths = (
			);
			outputPaths = (
			);
			runOnlyForDeploymentPostprocessing = 0;
			shellPath = /bin/sh;
			shellScript = "APOLLO_FRAMEWORK_PATH=\"$(eval find $FRAMEWORK_SEARCH_PATHS -name \"Apollo.framework\" -maxdepth 1)\"\n\nif [ -z \"$APOLLO_FRAMEWORK_PATH\" ]; then\necho \"error: Couldn't find Apollo.framework in FRAMEWORK_SEARCH_PATHS; make sure to add the framework to your project.\"\nexit 1\nfi\n\ncd \"${SRCROOT}/${TARGET_NAME}\"\n\n$APOLLO_FRAMEWORK_PATH/check-and-run-apollo-cli.sh codegen:generate --queries=\"$(find . -name '*.graphql'  -not -path \"*DerivedData/*\")\" --schema=schema.json API.swift\n";
		};
		5EA1568A219E47C800A97640 /* Open DB Browser with CoreData sqlite */ = {
			isa = PBXShellScriptBuildPhase;
			buildActionMask = 2147483647;
			files = (
			);
			inputFileListPaths = (
			);
			inputPaths = (
			);
			name = "Open DB Browser with CoreData sqlite";
			outputFileListPaths = (
			);
			outputPaths = (
			);
			runOnlyForDeploymentPostprocessing = 0;
			shellPath = /bin/sh;
			shellScript = "#echo \"=====\"\n#echo $TARGET_DEVICE_IDENTIFIER\n#set\n#echo \"=====\"\n# Grrr, just need to get the AppID/AppGUID. Perhaps write a file, and find which directory it ends up in?\n# Nope. Always gets the last one, not current one. Problem is build happens before!\n#cd ~/Library/Developer/CoreSimulator/Devices/$TARGET_DEVICE_IDENTIFIER/data/Containers/Data/Application/\n#find . -name \"appGUID.txt\" -print0\n#open /Applications/\"DB Browser for SQLite.app\" ./MealWheel.sqlite\n";
		};
		B746F52ED237E586DC7B7FDF /* [CP] Check Pods Manifest.lock */ = {
			isa = PBXShellScriptBuildPhase;
			buildActionMask = 2147483647;
			files = (
			);
			inputFileListPaths = (
			);
			inputPaths = (
				"${PODS_PODFILE_DIR_PATH}/Podfile.lock",
				"${PODS_ROOT}/Manifest.lock",
			);
			name = "[CP] Check Pods Manifest.lock";
			outputFileListPaths = (
			);
			outputPaths = (
				"$(DERIVED_FILE_DIR)/Pods-MealWheelUITests-checkManifestLockResult.txt",
			);
			runOnlyForDeploymentPostprocessing = 0;
			shellPath = /bin/sh;
			shellScript = "diff \"${PODS_PODFILE_DIR_PATH}/Podfile.lock\" \"${PODS_ROOT}/Manifest.lock\" > /dev/null\nif [ $? != 0 ] ; then\n    # print error to STDERR\n    echo \"error: The sandbox is not in sync with the Podfile.lock. Run 'pod install' or update your CocoaPods installation.\" >&2\n    exit 1\nfi\n# This output is used by Xcode 'outputs' to avoid re-running this script phase.\necho \"SUCCESS\" > \"${SCRIPT_OUTPUT_FILE_0}\"\n";
			showEnvVarsInLog = 0;
		};
/* End PBXShellScriptBuildPhase section */

/* Begin PBXSourcesBuildPhase section */
		5E793EC0213898DC00AB6D1D /* Sources */ = {
			isa = PBXSourcesBuildPhase;
			buildActionMask = 2147483647;
			files = (
				5E36A2D82165AEA70088357D /* CuisineTypesTableViewController.swift in Sources */,
				5E0F998B21A8E08100FBFD0A /* UIImageViewWithPreserveVectorDataFix.swift in Sources */,
				5E14423921A4F7BA000E3E7B /* SettingsTableViewController.swift in Sources */,
				5E793ECC213898DC00AB6D1D /* FilterViewController.swift in Sources */,
				5E957B18219F7E380081FEB7 /* LandingViewController.swift in Sources */,
				5EA15692219F601D00A97640 /* MyPlacesViewController.swift in Sources */,
				5E793EC8213898DC00AB6D1D /* AppDelegate.swift in Sources */,
				5E957B1A219F83650081FEB7 /* YelpAPI.swift in Sources */,
				5E6E103521A364B700D2098F /* AddCustomRestaurantViewController.swift in Sources */,
				5E793EFC2138A07900AB6D1D /* MealWheel.xcdatamodeld in Sources */,
				5E793EF821389F3900AB6D1D /* SettingsViewController.swift in Sources */,
				5EA15689219E0CF200A97640 /* DataController.swift in Sources */,
				5E278F8121A8948400E93347 /* CategoriesTableViewController.swift in Sources */,
				5E14423B21A4FB33000E3E7B /* SettingsTableViewCell.swift in Sources */,
				5E6E103321A358D500D2098F /* UserRestaurantDetailsViewController.swift in Sources */,
				5E6E103921A36F5100D2098F /* YelpRestaurantDetailsViewController.swift in Sources */,
				5E793ECA213898DC00AB6D1D /* WheelViewController.swift in Sources */,
				5E278F7F21A6389D00E93347 /* ListTableViewController.swift in Sources */,
				5E41BF72219B6F00005221C9 /* API.swift in Sources */,
				5EA15694219F65D000A97640 /* MyPlacesTableViewCell.swift in Sources */,
			);
			runOnlyForDeploymentPostprocessing = 0;
		};
		5E793ED6213898DE00AB6D1D /* Sources */ = {
			isa = PBXSourcesBuildPhase;
			buildActionMask = 2147483647;
			files = (
				5E793EDF213898DE00AB6D1D /* MealWheelTests.swift in Sources */,
			);
			runOnlyForDeploymentPostprocessing = 0;
		};
		5E793EE1213898DE00AB6D1D /* Sources */ = {
			isa = PBXSourcesBuildPhase;
			buildActionMask = 2147483647;
			files = (
				5E793EEA213898DE00AB6D1D /* MealWheelUITests.swift in Sources */,
			);
			runOnlyForDeploymentPostprocessing = 0;
		};
/* End PBXSourcesBuildPhase section */

/* Begin PBXTargetDependency section */
		5E793EDC213898DE00AB6D1D /* PBXTargetDependency */ = {
			isa = PBXTargetDependency;
			target = 5E793EC3213898DC00AB6D1D /* MealWheel */;
			targetProxy = 5E793EDB213898DE00AB6D1D /* PBXContainerItemProxy */;
		};
		5E793EE7213898DE00AB6D1D /* PBXTargetDependency */ = {
			isa = PBXTargetDependency;
			target = 5E793EC3213898DC00AB6D1D /* MealWheel */;
			targetProxy = 5E793EE6213898DE00AB6D1D /* PBXContainerItemProxy */;
		};
/* End PBXTargetDependency section */

/* Begin PBXVariantGroup section */
		5E793ECD213898DC00AB6D1D /* Main.storyboard */ = {
			isa = PBXVariantGroup;
			children = (
				5E793ECE213898DC00AB6D1D /* Base */,
			);
			name = Main.storyboard;
			sourceTree = "<group>";
		};
		5E793ED2213898DE00AB6D1D /* LaunchScreen.storyboard */ = {
			isa = PBXVariantGroup;
			children = (
				5E793ED3213898DE00AB6D1D /* Base */,
			);
			name = LaunchScreen.storyboard;
			sourceTree = "<group>";
		};
/* End PBXVariantGroup section */

/* Begin XCBuildConfiguration section */
		5E793EEC213898DE00AB6D1D /* Debug */ = {
			isa = XCBuildConfiguration;
			buildSettings = {
				ALWAYS_SEARCH_USER_PATHS = NO;
				CLANG_ANALYZER_NONNULL = YES;
				CLANG_ANALYZER_NUMBER_OBJECT_CONVERSION = YES_AGGRESSIVE;
				CLANG_CXX_LANGUAGE_STANDARD = "gnu++14";
				CLANG_CXX_LIBRARY = "libc++";
				CLANG_ENABLE_MODULES = YES;
				CLANG_ENABLE_OBJC_ARC = YES;
				CLANG_ENABLE_OBJC_WEAK = YES;
				CLANG_WARN_BLOCK_CAPTURE_AUTORELEASING = YES;
				CLANG_WARN_BOOL_CONVERSION = YES;
				CLANG_WARN_COMMA = YES;
				CLANG_WARN_CONSTANT_CONVERSION = YES;
				CLANG_WARN_DEPRECATED_OBJC_IMPLEMENTATIONS = YES;
				CLANG_WARN_DIRECT_OBJC_ISA_USAGE = YES_ERROR;
				CLANG_WARN_DOCUMENTATION_COMMENTS = YES;
				CLANG_WARN_EMPTY_BODY = YES;
				CLANG_WARN_ENUM_CONVERSION = YES;
				CLANG_WARN_INFINITE_RECURSION = YES;
				CLANG_WARN_INT_CONVERSION = YES;
				CLANG_WARN_NON_LITERAL_NULL_CONVERSION = YES;
				CLANG_WARN_OBJC_IMPLICIT_RETAIN_SELF = YES;
				CLANG_WARN_OBJC_LITERAL_CONVERSION = YES;
				CLANG_WARN_OBJC_ROOT_CLASS = YES_ERROR;
				CLANG_WARN_RANGE_LOOP_ANALYSIS = YES;
				CLANG_WARN_STRICT_PROTOTYPES = YES;
				CLANG_WARN_SUSPICIOUS_MOVE = YES;
				CLANG_WARN_UNGUARDED_AVAILABILITY = YES_AGGRESSIVE;
				CLANG_WARN_UNREACHABLE_CODE = YES;
				CLANG_WARN__DUPLICATE_METHOD_MATCH = YES;
				CODE_SIGN_IDENTITY = "iPhone Developer";
				COPY_PHASE_STRIP = NO;
				DEBUG_INFORMATION_FORMAT = dwarf;
				ENABLE_STRICT_OBJC_MSGSEND = YES;
				ENABLE_TESTABILITY = YES;
				GCC_C_LANGUAGE_STANDARD = gnu11;
				GCC_DYNAMIC_NO_PIC = NO;
				GCC_NO_COMMON_BLOCKS = YES;
				GCC_OPTIMIZATION_LEVEL = 0;
				GCC_PREPROCESSOR_DEFINITIONS = (
					"DEBUG=1",
					"$(inherited)",
				);
				GCC_WARN_64_TO_32_BIT_CONVERSION = YES;
				GCC_WARN_ABOUT_RETURN_TYPE = YES_ERROR;
				GCC_WARN_UNDECLARED_SELECTOR = YES;
				GCC_WARN_UNINITIALIZED_AUTOS = YES_AGGRESSIVE;
				GCC_WARN_UNUSED_FUNCTION = YES;
				GCC_WARN_UNUSED_VARIABLE = YES;
				IPHONEOS_DEPLOYMENT_TARGET = 11.4;
				MTL_ENABLE_DEBUG_INFO = YES;
				ONLY_ACTIVE_ARCH = YES;
				SDKROOT = iphoneos;
				SWIFT_ACTIVE_COMPILATION_CONDITIONS = DEBUG;
				SWIFT_OPTIMIZATION_LEVEL = "-Onone";
			};
			name = Debug;
		};
		5E793EED213898DE00AB6D1D /* Release */ = {
			isa = XCBuildConfiguration;
			buildSettings = {
				ALWAYS_SEARCH_USER_PATHS = NO;
				CLANG_ANALYZER_NONNULL = YES;
				CLANG_ANALYZER_NUMBER_OBJECT_CONVERSION = YES_AGGRESSIVE;
				CLANG_CXX_LANGUAGE_STANDARD = "gnu++14";
				CLANG_CXX_LIBRARY = "libc++";
				CLANG_ENABLE_MODULES = YES;
				CLANG_ENABLE_OBJC_ARC = YES;
				CLANG_ENABLE_OBJC_WEAK = YES;
				CLANG_WARN_BLOCK_CAPTURE_AUTORELEASING = YES;
				CLANG_WARN_BOOL_CONVERSION = YES;
				CLANG_WARN_COMMA = YES;
				CLANG_WARN_CONSTANT_CONVERSION = YES;
				CLANG_WARN_DEPRECATED_OBJC_IMPLEMENTATIONS = YES;
				CLANG_WARN_DIRECT_OBJC_ISA_USAGE = YES_ERROR;
				CLANG_WARN_DOCUMENTATION_COMMENTS = YES;
				CLANG_WARN_EMPTY_BODY = YES;
				CLANG_WARN_ENUM_CONVERSION = YES;
				CLANG_WARN_INFINITE_RECURSION = YES;
				CLANG_WARN_INT_CONVERSION = YES;
				CLANG_WARN_NON_LITERAL_NULL_CONVERSION = YES;
				CLANG_WARN_OBJC_IMPLICIT_RETAIN_SELF = YES;
				CLANG_WARN_OBJC_LITERAL_CONVERSION = YES;
				CLANG_WARN_OBJC_ROOT_CLASS = YES_ERROR;
				CLANG_WARN_RANGE_LOOP_ANALYSIS = YES;
				CLANG_WARN_STRICT_PROTOTYPES = YES;
				CLANG_WARN_SUSPICIOUS_MOVE = YES;
				CLANG_WARN_UNGUARDED_AVAILABILITY = YES_AGGRESSIVE;
				CLANG_WARN_UNREACHABLE_CODE = YES;
				CLANG_WARN__DUPLICATE_METHOD_MATCH = YES;
				CODE_SIGN_IDENTITY = "iPhone Developer";
				COPY_PHASE_STRIP = NO;
				DEBUG_INFORMATION_FORMAT = "dwarf-with-dsym";
				ENABLE_NS_ASSERTIONS = NO;
				ENABLE_STRICT_OBJC_MSGSEND = YES;
				GCC_C_LANGUAGE_STANDARD = gnu11;
				GCC_NO_COMMON_BLOCKS = YES;
				GCC_WARN_64_TO_32_BIT_CONVERSION = YES;
				GCC_WARN_ABOUT_RETURN_TYPE = YES_ERROR;
				GCC_WARN_UNDECLARED_SELECTOR = YES;
				GCC_WARN_UNINITIALIZED_AUTOS = YES_AGGRESSIVE;
				GCC_WARN_UNUSED_FUNCTION = YES;
				GCC_WARN_UNUSED_VARIABLE = YES;
				IPHONEOS_DEPLOYMENT_TARGET = 11.4;
				MTL_ENABLE_DEBUG_INFO = NO;
				SDKROOT = iphoneos;
				SWIFT_COMPILATION_MODE = singlefile;
				SWIFT_OPTIMIZATION_LEVEL = "-O";
				VALIDATE_PRODUCT = YES;
			};
			name = Release;
		};
		5E793EEF213898DE00AB6D1D /* Debug */ = {
			isa = XCBuildConfiguration;
			baseConfigurationReference = D0E8FCFA39A727B3436E3FBD /* Pods-MealWheel.debug.xcconfig */;
			buildSettings = {
				ASSETCATALOG_COMPILER_APPICON_NAME = AppIcon;
				CODE_SIGN_IDENTITY = "iPhone Developer";
				CODE_SIGN_STYLE = Automatic;
				DEVELOPMENT_TEAM = VTHMXRT49L;
				INFOPLIST_FILE = "$(SRCROOT)/Info.plist";
				LD_RUNPATH_SEARCH_PATHS = (
					"$(inherited)",
					"@executable_path/Frameworks",
				);
				PRODUCT_BUNDLE_IDENTIFIER = com.viktorLantos.VirtualTourist.MealWheel;
				PRODUCT_NAME = "$(TARGET_NAME)";
				PROVISIONING_PROFILE_SPECIFIER = "";
				SWIFT_VERSION = 4.0;
				TARGETED_DEVICE_FAMILY = "1,2";
			};
			name = Debug;
		};
		5E793EF0213898DE00AB6D1D /* Release */ = {
			isa = XCBuildConfiguration;
			baseConfigurationReference = 9CFFD3F242A2DC55DECBE4FD /* Pods-MealWheel.release.xcconfig */;
			buildSettings = {
				ASSETCATALOG_COMPILER_APPICON_NAME = AppIcon;
				CODE_SIGN_IDENTITY = "iPhone Developer";
				CODE_SIGN_STYLE = Automatic;
				DEVELOPMENT_TEAM = VTHMXRT49L;
				INFOPLIST_FILE = "$(SRCROOT)/Info.plist";
				LD_RUNPATH_SEARCH_PATHS = (
					"$(inherited)",
					"@executable_path/Frameworks",
				);
				PRODUCT_BUNDLE_IDENTIFIER = com.viktorLantos.VirtualTourist.MealWheel;
				PRODUCT_NAME = "$(TARGET_NAME)";
				PROVISIONING_PROFILE_SPECIFIER = "";
				SWIFT_VERSION = 4.0;
				TARGETED_DEVICE_FAMILY = "1,2";
			};
			name = Release;
		};
		5E793EF2213898DE00AB6D1D /* Debug */ = {
			isa = XCBuildConfiguration;
			baseConfigurationReference = AF9A77CBB3CC4030830E7A7B /* Pods-MealWheelTests.debug.xcconfig */;
			buildSettings = {
				ALWAYS_EMBED_SWIFT_STANDARD_LIBRARIES = YES;
				BUNDLE_LOADER = "$(TEST_HOST)";
				CODE_SIGN_STYLE = Automatic;
				DEVELOPMENT_TEAM = VTHMXRT49L;
				INFOPLIST_FILE = MealWheelTests/Info.plist;
				LD_RUNPATH_SEARCH_PATHS = (
					"$(inherited)",
					"@executable_path/Frameworks",
					"@loader_path/Frameworks",
				);
				PRODUCT_BUNDLE_IDENTIFIER = com.viktorLantos.VirtualTourist.MealWheelTests;
				PRODUCT_NAME = "$(TARGET_NAME)";
				SWIFT_VERSION = 4.0;
				TARGETED_DEVICE_FAMILY = "1,2";
				TEST_HOST = "$(BUILT_PRODUCTS_DIR)/MealWheel.app/MealWheel";
			};
			name = Debug;
		};
		5E793EF3213898DE00AB6D1D /* Release */ = {
			isa = XCBuildConfiguration;
			baseConfigurationReference = 6105D20262E68A4C2001E773 /* Pods-MealWheelTests.release.xcconfig */;
			buildSettings = {
				ALWAYS_EMBED_SWIFT_STANDARD_LIBRARIES = YES;
				BUNDLE_LOADER = "$(TEST_HOST)";
				CODE_SIGN_STYLE = Automatic;
				DEVELOPMENT_TEAM = VTHMXRT49L;
				INFOPLIST_FILE = MealWheelTests/Info.plist;
				LD_RUNPATH_SEARCH_PATHS = (
					"$(inherited)",
					"@executable_path/Frameworks",
					"@loader_path/Frameworks",
				);
				PRODUCT_BUNDLE_IDENTIFIER = com.viktorLantos.VirtualTourist.MealWheelTests;
				PRODUCT_NAME = "$(TARGET_NAME)";
				SWIFT_VERSION = 4.0;
				TARGETED_DEVICE_FAMILY = "1,2";
				TEST_HOST = "$(BUILT_PRODUCTS_DIR)/MealWheel.app/MealWheel";
			};
			name = Release;
		};
		5E793EF5213898DE00AB6D1D /* Debug */ = {
			isa = XCBuildConfiguration;
			baseConfigurationReference = ADB3472B6B3B429889167DC2 /* Pods-MealWheelUITests.debug.xcconfig */;
			buildSettings = {
				ALWAYS_EMBED_SWIFT_STANDARD_LIBRARIES = YES;
				CODE_SIGN_STYLE = Automatic;
				DEVELOPMENT_TEAM = VTHMXRT49L;
				INFOPLIST_FILE = MealWheelUITests/Info.plist;
				LD_RUNPATH_SEARCH_PATHS = (
					"$(inherited)",
					"@executable_path/Frameworks",
					"@loader_path/Frameworks",
				);
				PRODUCT_BUNDLE_IDENTIFIER = com.viktorLantos.VirtualTourist.MealWheelUITests;
				PRODUCT_NAME = "$(TARGET_NAME)";
				SWIFT_VERSION = 4.0;
				TARGETED_DEVICE_FAMILY = "1,2";
				TEST_TARGET_NAME = MealWheel;
			};
			name = Debug;
		};
		5E793EF6213898DE00AB6D1D /* Release */ = {
			isa = XCBuildConfiguration;
			baseConfigurationReference = 1EE1D91DFC25F2725EC6B0B2 /* Pods-MealWheelUITests.release.xcconfig */;
			buildSettings = {
				ALWAYS_EMBED_SWIFT_STANDARD_LIBRARIES = YES;
				CODE_SIGN_STYLE = Automatic;
				DEVELOPMENT_TEAM = VTHMXRT49L;
				INFOPLIST_FILE = MealWheelUITests/Info.plist;
				LD_RUNPATH_SEARCH_PATHS = (
					"$(inherited)",
					"@executable_path/Frameworks",
					"@loader_path/Frameworks",
				);
				PRODUCT_BUNDLE_IDENTIFIER = com.viktorLantos.VirtualTourist.MealWheelUITests;
				PRODUCT_NAME = "$(TARGET_NAME)";
				SWIFT_VERSION = 4.0;
				TARGETED_DEVICE_FAMILY = "1,2";
				TEST_TARGET_NAME = MealWheel;
			};
			name = Release;
		};
/* End XCBuildConfiguration section */

/* Begin XCConfigurationList section */
		5E793EBF213898DC00AB6D1D /* Build configuration list for PBXProject "MealWheel" */ = {
			isa = XCConfigurationList;
			buildConfigurations = (
				5E793EEC213898DE00AB6D1D /* Debug */,
				5E793EED213898DE00AB6D1D /* Release */,
			);
			defaultConfigurationIsVisible = 0;
			defaultConfigurationName = Release;
		};
		5E793EEE213898DE00AB6D1D /* Build configuration list for PBXNativeTarget "MealWheel" */ = {
			isa = XCConfigurationList;
			buildConfigurations = (
				5E793EEF213898DE00AB6D1D /* Debug */,
				5E793EF0213898DE00AB6D1D /* Release */,
			);
			defaultConfigurationIsVisible = 0;
			defaultConfigurationName = Release;
		};
		5E793EF1213898DE00AB6D1D /* Build configuration list for PBXNativeTarget "MealWheelTests" */ = {
			isa = XCConfigurationList;
			buildConfigurations = (
				5E793EF2213898DE00AB6D1D /* Debug */,
				5E793EF3213898DE00AB6D1D /* Release */,
			);
			defaultConfigurationIsVisible = 0;
			defaultConfigurationName = Release;
		};
		5E793EF4213898DE00AB6D1D /* Build configuration list for PBXNativeTarget "MealWheelUITests" */ = {
			isa = XCConfigurationList;
			buildConfigurations = (
				5E793EF5213898DE00AB6D1D /* Debug */,
				5E793EF6213898DE00AB6D1D /* Release */,
			);
			defaultConfigurationIsVisible = 0;
			defaultConfigurationName = Release;
		};
/* End XCConfigurationList section */

/* Begin XCVersionGroup section */
		5E793EFA2138A07900AB6D1D /* MealWheel.xcdatamodeld */ = {
			isa = XCVersionGroup;
			children = (
				5E793EFB2138A07900AB6D1D /* Model.xcdatamodel */,
			);
			currentVersion = 5E793EFB2138A07900AB6D1D /* Model.xcdatamodel */;
			path = MealWheel.xcdatamodeld;
			sourceTree = "<group>";
			versionGroupType = wrapper.xcdatamodel;
		};
/* End XCVersionGroup section */
	};
	rootObject = 5E793EBC213898DC00AB6D1D /* Project object */;
}
